
Microsoft Visual Studio Solution File, Format Version 11.00
# Visual Studio 2010
# SharpDevelop 4.4
Project("{FAE04EC0-301F-11D3-BF4B-00C04F79EFBC}") = "Ex02_Calculadora", "Ex02_Calculadora\Ex02_Calculadora.csproj", "{C33EB10B-4F3C-41E0-89A6-779B0E0FBCE1}"
EndProject
Project("{FAE04EC0-301F-11D3-BF4B-00C04F79EFBC}") = "Ex03_SomaMedia", "Ex03_SomaMedia\Ex03_SomaMedia.csproj", "{D4F5F681-1D84-491B-AA96-4406E80C4B4B}"
EndProject
Project("{FAE04EC0-301F-11D3-BF4B-00C04F79EFBC}") = "Ex04_JogarDados", "Ex04_JogarDados\Ex04_JogarDados.csproj", "{E9B968CF-9551-48D6-9651-250F9308434F}"
EndProject
Project("{FAE04EC0-301F-11D3-BF4B-00C04F79EFBC}") = "Ex05_Datas", "Ex05_Datas\Ex05_Datas.csproj", "{5A0206B1-33AA-4FF0-B26B-5F2B3ECD591B}"
EndProject
Project("{FAE04EC0-301F-11D3-BF4B-00C04F79EFBC}") = "Ex06_ConversaoMoedas", "Ex06_ConversaoMoedas\Ex06_ConversaoMoedas.csproj", "{3075460D-9F5A-4003-A578-38FDC8F580B5}"
EndProject
Global
	GlobalSection(SolutionConfigurationPlatforms) = preSolution
		Debug|Any CPU = Debug|Any CPU
		Release|Any CPU = Release|Any CPU
	EndGlobalSection
	GlobalSection(ProjectConfigurationPlatforms) = postSolution
		{C33EB10B-4F3C-41E0-89A6-779B0E0FBCE1}.Debug|Any CPU.Build.0 = Debug|Any CPU
		{C33EB10B-4F3C-41E0-89A6-779B0E0FBCE1}.Debug|Any CPU.ActiveCfg = Debug|Any CPU
		{C33EB10B-4F3C-41E0-89A6-779B0E0FBCE1}.Release|Any CPU.Build.0 = Release|Any CPU
		{C33EB10B-4F3C-41E0-89A6-779B0E0FBCE1}.Release|Any CPU.ActiveCfg = Release|Any CPU
		{D4F5F681-1D84-491B-AA96-4406E80C4B4B}.Debug|Any CPU.Build.0 = Debug|Any CPU
		{D4F5F681-1D84-491B-AA96-4406E80C4B4B}.Debug|Any CPU.ActiveCfg = Debug|Any CPU
		{D4F5F681-1D84-491B-AA96-4406E80C4B4B}.Release|Any CPU.Build.0 = Release|Any CPU
		{D4F5F681-1D84-491B-AA96-4406E80C4B4B}.Release|Any CPU.ActiveCfg = Release|Any CPU
		{E9B968CF-9551-48D6-9651-250F9308434F}.Debug|Any CPU.Build.0 = Debug|Any CPU
		{E9B968CF-9551-48D6-9651-250F9308434F}.Debug|Any CPU.ActiveCfg = Debug|Any CPU
		{E9B968CF-9551-48D6-9651-250F9308434F}.Release|Any CPU.Build.0 = Release|Any CPU
		{E9B968CF-9551-48D6-9651-250F9308434F}.Release|Any CPU.ActiveCfg = Release|Any CPU
		{5A0206B1-33AA-4FF0-B26B-5F2B3ECD591B}.Debug|Any CPU.Build.0 = Debug|Any CPU
		{5A0206B1-33AA-4FF0-B26B-5F2B3ECD591B}.Debug|Any CPU.ActiveCfg = Debug|Any CPU
		{5A0206B1-33AA-4FF0-B26B-5F2B3ECD591B}.Release|Any CPU.Build.0 = Release|Any CPU
		{5A0206B1-33AA-4FF0-B26B-5F2B3ECD591B}.Release|Any CPU.ActiveCfg = Release|Any CPU
		{3075460D-9F5A-4003-A578-38FDC8F580B5}.Debug|Any CPU.Build.0 = Debug|Any CPU
		{3075460D-9F5A-4003-A578-38FDC8F580B5}.Debug|Any CPU.ActiveCfg = Debug|Any CPU
		{3075460D-9F5A-4003-A578-38FDC8F580B5}.Release|Any CPU.Build.0 = Release|Any CPU
		{3075460D-9F5A-4003-A578-38FDC8F580B5}.Release|Any CPU.ActiveCfg = Release|Any CPU
	EndGlobalSection
EndGlobal
