
Microsoft Visual Studio Solution File, Format Version 11.00
# Visual Studio 2010
# SharpDevelop 4.4
Project("{FAE04EC0-301F-11D3-BF4B-00C04F79EFBC}") = "TestInputValidation", "TestInputValidation\TestInputValidation.csproj", "{18B12BB4-25EA-4365-9F54-7E568E0C71CD}"
EndProject
Global
	GlobalSection(SolutionConfigurationPlatforms) = preSolution
		Debug|Any CPU = Debug|Any CPU
		Release|Any CPU = Release|Any CPU
	EndGlobalSection
	GlobalSection(ProjectConfigurationPlatforms) = postSolution
		{18B12BB4-25EA-4365-9F54-7E568E0C71CD}.Debug|Any CPU.Build.0 = Debug|Any CPU
		{18B12BB4-25EA-4365-9F54-7E568E0C71CD}.Debug|Any CPU.ActiveCfg = Debug|Any CPU
		{18B12BB4-25EA-4365-9F54-7E568E0C71CD}.Release|Any CPU.Build.0 = Release|Any CPU
		{18B12BB4-25EA-4365-9F54-7E568E0C71CD}.Release|Any CPU.ActiveCfg = Release|Any CPU
	EndGlobalSection
EndGlobal
